<?xml version="1.0" encoding="UTF-8"?>
<Scheme
   LastUpgradeVersion = "0610"
   version = "1.3">
   <BuildAction
      parallelizeBuildables = "YES"
      buildImplicitDependencies = "YES">
      <BuildActionEntries>
         <BuildActionEntry
            buildForTesting = "YES"
            buildForRunning = "YES"
            buildForProfiling = "YES"
            buildForArchiving = "YES"
            buildForAnalyzing = "YES">
            <BuildableReference
               BuildableIdentifier = "primary"
               BlueprintIdentifier = "AF84F10B16F33C74001F39BD"
               BuildableName = "&#x30c6;&#x30af;&#x30c8;&#x3099;&#x30e9;.app"
               BlueprintName = "&#x30c6;&#x30af;&#x30c8;&#x3099;&#x30e9;"
               ReferencedContainer = "container:&#x30c6;&#x30af;&#x30c8;&#x3099;&#x30e9;.xcodeproj">
            </BuildableReference>
         </BuildActionEntry>
         <BuildActionEntry
            buildForTesting = "YES"
            buildForRunning = "YES"
            buildForProfiling = "NO"
            buildForArchiving = "NO"
            buildForAnalyzing = "YES">
            <BuildableReference
               BuildableIdentifier = "primary"
               BlueprintIdentifier = "AF84F13116F33C75001F39BD"
               BuildableName = "&#x30c6;&#x30af;&#x30c8;&#x3099;&#x30e9;Tests.octest"
               BlueprintName = "&#x30c6;&#x30af;&#x30c8;&#x3099;&#x30e9;Tests"
               ReferencedContainer = "container:&#x30c6;&#x30af;&#x30c8;&#x3099;&#x30e9;.xcodeproj">
            </BuildableReference>
         </BuildActionEntry>
      </BuildActionEntries>
   </BuildAction>
   <TestAction
      selectedDebuggerIdentifier = "Xcode.DebuggerFoundation.Debugger.LLDB"
      selectedLauncherIdentifier = "Xcode.DebuggerFoundation.Launcher.LLDB"
      shouldUseLaunchSchemeArgsEnv = "YES"
      buildConfiguration = "Debug">
      <Testables>
         <TestableReference
            skipped = "NO">
            <BuildableReference
               BuildableIdentifier = "primary"
               BlueprintIdentifier = "AF84F13116F33C75001F39BD"
               BuildableName = "&#x30c6;&#x30af;&#x30c8;&#x3099;&#x30e9;Tests.octest"
               BlueprintName = "&#x30c6;&#x30af;&#x30c8;&#x3099;&#x30e9;Tests"
               ReferencedContainer = "container:&#x30c6;&#x30af;&#x30c8;&#x3099;&#x30e9;.xcodeproj">
            </BuildableReference>
         </TestableReference>
      </Testables>
      <MacroExpansion>
         <BuildableReference
            BuildableIdentifier = "primary"
            BlueprintIdentifier = "AF84F10B16F33C74001F39BD"
            BuildableName = "&#x30c6;&#x30af;&#x30c8;&#x3099;&#x30e9;.app"
            BlueprintName = "&#x30c6;&#x30af;&#x30c8;&#x3099;&#x30e9;"
            ReferencedContainer = "container:&#x30c6;&#x30af;&#x30c8;&#x3099;&#x30e9;.xcodeproj">
         </BuildableReference>
      </MacroExpansion>
   </TestAction>
   <LaunchAction
      selectedDebuggerIdentifier = "Xcode.DebuggerFoundation.Debugger.LLDB"
      selectedLauncherIdentifier = "Xcode.DebuggerFoundation.Launcher.LLDB"
      launchStyle = "0"
      useCustomWorkingDirectory = "NO"
      buildConfiguration = "Debug"
      ignoresPersistentStateOnLaunch = "NO"
      debugDocumentVersioning = "YES"
      allowLocationSimulation = "YES">
      <BuildableProductRunnable>
         <BuildableReference
            BuildableIdentifier = "primary"
            BlueprintIdentifier = "AF84F10B16F33C74001F39BD"
            BuildableName = "&#x30c6;&#x30af;&#x30c8;&#x3099;&#x30e9;.app"
            BlueprintName = "&#x30c6;&#x30af;&#x30c8;&#x3099;&#x30e9;"
            ReferencedContainer = "container:&#x30c6;&#x30af;&#x30c8;&#x3099;&#x30e9;.xcodeproj">
         </BuildableReference>
      </BuildableProductRunnable>
      <AdditionalOptions>
      </AdditionalOptions>
   </LaunchAction>
   <ProfileAction
      shouldUseLaunchSchemeArgsEnv = "YES"
      savedToolIdentifier = ""
      useCustomWorkingDirectory = "NO"
      buildConfiguration = "Release"
      debugDocumentVersioning = "YES">
      <BuildableProductRunnable>
         <BuildableReference
            BuildableIdentifier = "primary"
            BlueprintIdentifier = "AF84F10B16F33C74001F39BD"
            BuildableName = "&#x30c6;&#x30af;&#x30c8;&#x3099;&#x30e9;.app"
            BlueprintName = "&#x30c6;&#x30af;&#x30c8;&#x3099;&#x30e9;"
            ReferencedContainer = "container:&#x30c6;&#x30af;&#x30c8;&#x3099;&#x30e9;.xcodeproj">
         </BuildableReference>
      </BuildableProductRunnable>
   </ProfileAction>
   <AnalyzeAction
      buildConfiguration = "Debug">
   </AnalyzeAction>
   <ArchiveAction
      buildConfiguration = "Release"
      revealArchiveInOrganizer = "YES">
   </ArchiveAction>
</Scheme>
